
Microsoft Visual Studio Solution File, Format Version 12.00
# Visual Studio Version 17
VisualStudioVersion = 17.1.32210.238
MinimumVisualStudioVersion = 10.0.40219.1
Project("{FAE04EC0-301F-11D3-BF4B-00C04F79EFBC}") = "HeadDistanceTravelled", "HeadDistanceTravelled\HeadDistanceTravelled.csproj", "{8CD360C2-9F6C-4F96-99E0-872242229F1D}"
EndProject
Global
	GlobalSection(SolutionConfigurationPlatforms) = preSolution
		Debug|Any CPU = Debug|Any CPU
		Release_1_18_0|Any CPU = Release_1_18_0|Any CPU
		Release|Any CPU = Release|Any CPU
	EndGlobalSection
	GlobalSection(ProjectConfigurationPlatforms) = postSolution
		{8CD360C2-9F6C-4F96-99E0-872242229F1D}.Debug|Any CPU.ActiveCfg = Debug|Any CPU
		{8CD360C2-9F6C-4F96-99E0-872242229F1D}.Debug|Any CPU.Build.0 = Debug|Any CPU
		{8CD360C2-9F6C-4F96-99E0-872242229F1D}.Release_1_18_0|Any CPU.ActiveCfg = Release_1_18_0|Any CPU
		{8CD360C2-9F6C-4F96-99E0-872242229F1D}.Release_1_18_0|Any CPU.Build.0 = Release_1_18_0|Any CPU
		{8CD360C2-9F6C-4F96-99E0-872242229F1D}.Release|Any CPU.ActiveCfg = Release|Any CPU
		{8CD360C2-9F6C-4F96-99E0-872242229F1D}.Release|Any CPU.Build.0 = Release|Any CPU
	EndGlobalSection
	GlobalSection(SolutionProperties) = preSolution
		HideSolutionNode = FALSE
	EndGlobalSection
	GlobalSection(ExtensibilityGlobals) = postSolution
		SolutionGuid = {950FC344-AFD8-41DC-9706-76A464BB8FDB}
	EndGlobalSection
EndGlobal
